// !$*UTF8*$!
{
	archiveVersion = 1;
	classes = {
	};
	objectVersion = 56;
	objects = {

/* Begin PBXBuildFile section */
		52B957E32A95375A0088648F /* SwiftMELApp.swift in Sources */ = {isa = PBXBuildFile; fileRef = 52B957E22A95375A0088648F /* SwiftMELApp.swift */; };
		52B957E52A95375A0088648F /* ContentView.swift in Sources */ = {isa = PBXBuildFile; fileRef = 52B957E42A95375A0088648F /* ContentView.swift */; };
		52B957E72A95375C0088648F /* Assets.xcassets in Resources */ = {isa = PBXBuildFile; fileRef = 52B957E62A95375C0088648F /* Assets.xcassets */; };
		52B957EA2A95375C0088648F /* Preview Assets.xcassets in Resources */ = {isa = PBXBuildFile; fileRef = 52B957E92A95375C0088648F /* Preview Assets.xcassets */; };
		52B957F42A95375C0088648F /* SwiftMELTests.swift in Sources */ = {isa = PBXBuildFile; fileRef = 52B957F32A95375C0088648F /* SwiftMELTests.swift */; };
		52B957FE2A95375C0088648F /* SwiftMELUITests.swift in Sources */ = {isa = PBXBuildFile; fileRef = 52B957FD2A95375C0088648F /* SwiftMELUITests.swift */; };
		52B958002A95375C0088648F /* SwiftMELUITestsLaunchTests.swift in Sources */ = {isa = PBXBuildFile; fileRef = 52B957FF2A95375C0088648F /* SwiftMELUITestsLaunchTests.swift */; };
/* End PBXBuildFile section */

/* Begin PBXContainerItemProxy section */
		52B957F02A95375C0088648F /* PBXContainerItemProxy */ = {
			isa = PBXContainerItemProxy;
			containerPortal = 52B957D72A95375A0088648F /* Project object */;
			proxyType = 1;
			remoteGlobalIDString = 52B957DE2A95375A0088648F;
			remoteInfo = SwiftMEL;
		};
		52B957FA2A95375C0088648F /* PBXContainerItemProxy */ = {
			isa = PBXContainerItemProxy;
			containerPortal = 52B957D72A95375A0088648F /* Project object */;
			proxyType = 1;
			remoteGlobalIDString = 52B957DE2A95375A0088648F;
			remoteInfo = SwiftMEL;
		};
/* End PBXContainerItemProxy section */

/* Begin PBXFileReference section */
		52B957DF2A95375A0088648F /* SwiftMEL.app */ = {isa = PBXFileReference; explicitFileType = wrapper.application; includeInIndex = 0; path = SwiftMEL.app; sourceTree = BUILT_PRODUCTS_DIR; };
		52B957E22A95375A0088648F /* SwiftMELApp.swift */ = {isa = PBXFileReference; lastKnownFileType = sourcecode.swift; path = SwiftMELApp.swift; sourceTree = "<group>"; };
		52B957E42A95375A0088648F /* ContentView.swift */ = {isa = PBXFileReference; lastKnownFileType = sourcecode.swift; path = ContentView.swift; sourceTree = "<group>"; };
		52B957E62A95375C0088648F /* Assets.xcassets */ = {isa = PBXFileReference; lastKnownFileType = folder.assetcatalog; path = Assets.xcassets; sourceTree = "<group>"; };
		52B957E92A95375C0088648F /* Preview Assets.xcassets */ = {isa = PBXFileReference; lastKnownFileType = folder.assetcatalog; path = "Preview Assets.xcassets"; sourceTree = "<group>"; };
		52B957EF2A95375C0088648F /* SwiftMELTests.xctest */ = {isa = PBXFileReference; explicitFileType = wrapper.cfbundle; includeInIndex = 0; path = SwiftMELTests.xctest; sourceTree = BUILT_PRODUCTS_DIR; };
		52B957F32A95375C0088648F /* SwiftMELTests.swift */ = {isa = PBXFileReference; lastKnownFileType = sourcecode.swift; path = SwiftMELTests.swift; sourceTree = "<group>"; };
		52B957F92A95375C0088648F /* SwiftMELUITests.xctest */ = {isa = PBXFileReference; explicitFileType = wrapper.cfbundle; includeInIndex = 0; path = SwiftMELUITests.xctest; sourceTree = BUILT_PRODUCTS_DIR; };
		52B957FD2A95375C0088648F /* SwiftMELUITests.swift */ = {isa = PBXFileReference; lastKnownFileType = sourcecode.swift; path = SwiftMELUITests.swift; sourceTree = "<group>"; };
		52B957FF2A95375C0088648F /* SwiftMELUITestsLaunchTests.swift */ = {isa = PBXFileReference; lastKnownFileType = sourcecode.swift; path = SwiftMELUITestsLaunchTests.swift; sourceTree = "<group>"; };
/* End PBXFileReference section */

/* Begin PBXFrameworksBuildPhase section */
		52B957DC2A95375A0088648F /* Frameworks */ = {
			isa = PBXFrameworksBuildPhase;
			buildActionMask = 2147483647;
			files = (
			);
			runOnlyForDeploymentPostprocessing = 0;
		};
		52B957EC2A95375C0088648F /* Frameworks */ = {
			isa = PBXFrameworksBuildPhase;
			buildActionMask = 2147483647;
			files = (
			);
			runOnlyForDeploymentPostprocessing = 0;
		};
		52B957F62A95375C0088648F /* Frameworks */ = {
			isa = PBXFrameworksBuildPhase;
			buildActionMask = 2147483647;
			files = (
			);
			runOnlyForDeploymentPostprocessing = 0;
		};
/* End PBXFrameworksBuildPhase section */

/* Begin PBXGroup section */
		52B957D62A95375A0088648F = {
			isa = PBXGroup;
			children = (
				52B957E12A95375A0088648F /* SwiftMEL */,
				52B957F22A95375C0088648F /* SwiftMELTests */,
				52B957FC2A95375C0088648F /* SwiftMELUITests */,
				52B957E02A95375A0088648F /* Products */,
			);
			sourceTree = "<group>";
		};
		52B957E02A95375A0088648F /* Products */ = {
			isa = PBXGroup;
			children = (
				52B957DF2A95375A0088648F /* SwiftMEL.app */,
				52B957EF2A95375C0088648F /* SwiftMELTests.xctest */,
				52B957F92A95375C0088648F /* SwiftMELUITests.xctest */,
			);
			name = Products;
			sourceTree = "<group>";
		};
		52B957E12A95375A0088648F /* SwiftMEL */ = {
			isa = PBXGroup;
			children = (
				52B957E22A95375A0088648F /* SwiftMELApp.swift */,
				52B957E42A95375A0088648F /* ContentView.swift */,
				52B957E62A95375C0088648F /* Assets.xcassets */,
				52B957E82A95375C0088648F /* Preview Content */,
			);
			path = SwiftMEL;
			sourceTree = "<group>";
		};
		52B957E82A95375C0088648F /* Preview Content */ = {
			isa = PBXGroup;
			children = (
				52B957E92A95375C0088648F /* Preview Assets.xcassets */,
			);
			path = "Preview Content";
			sourceTree = "<group>";
		};
		52B957F22A95375C0088648F /* SwiftMELTests */ = {
			isa = PBXGroup;
			children = (
				52B957F32A95375C0088648F /* SwiftMELTests.swift */,
			);
			path = SwiftMELTests;
			sourceTree = "<group>";
		};
		52B957FC2A95375C0088648F /* SwiftMELUITests */ = {
			isa = PBXGroup;
			children = (
				52B957FD2A95375C0088648F /* SwiftMELUITests.swift */,
				52B957FF2A95375C0088648F /* SwiftMELUITestsLaunchTests.swift */,
			);
			path = SwiftMELUITests;
			sourceTree = "<group>";
		};
/* End PBXGroup section */

/* Begin PBXNativeTarget section */
		52B957DE2A95375A0088648F /* SwiftMEL */ = {
			isa = PBXNativeTarget;
			buildConfigurationList = 52B958032A95375C0088648F /* Build configuration list for PBXNativeTarget "SwiftMEL" */;
			buildPhases = (
				52B957DB2A95375A0088648F /* Sources */,
				52B957DC2A95375A0088648F /* Frameworks */,
				52B957DD2A95375A0088648F /* Resources */,
			);
			buildRules = (
			);
			dependencies = (
			);
			name = SwiftMEL;
			productName = SwiftMEL;
			productReference = 52B957DF2A95375A0088648F /* SwiftMEL.app */;
			productType = "com.apple.product-type.application";
		};
		52B957EE2A95375C0088648F /* SwiftMELTests */ = {
			isa = PBXNativeTarget;
			buildConfigurationList = 52B958062A95375C0088648F /* Build configuration list for PBXNativeTarget "SwiftMELTests" */;
			buildPhases = (
				52B957EB2A95375C0088648F /* Sources */,
				52B957EC2A95375C0088648F /* Frameworks */,
				52B957ED2A95375C0088648F /* Resources */,
			);
			buildRules = (
			);
			dependencies = (
				52B957F12A95375C0088648F /* PBXTargetDependency */,
			);
			name = SwiftMELTests;
			productName = SwiftMELTests;
			productReference = 52B957EF2A95375C0088648F /* SwiftMELTests.xctest */;
			productType = "com.apple.product-type.bundle.unit-test";
		};
		52B957F82A95375C0088648F /* SwiftMELUITests */ = {
			isa = PBXNativeTarget;
			buildConfigurationList = 52B958092A95375C0088648F /* Build configuration list for PBXNativeTarget "SwiftMELUITests" */;
			buildPhases = (
				52B957F52A95375C0088648F /* Sources */,
				52B957F62A95375C0088648F /* Frameworks */,
				52B957F72A95375C0088648F /* Resources */,
			);
			buildRules = (
			);
			dependencies = (
				52B957FB2A95375C0088648F /* PBXTargetDependency */,
			);
			name = SwiftMELUITests;
			productName = SwiftMELUITests;
			productReference = 52B957F92A95375C0088648F /* SwiftMELUITests.xctest */;
			productType = "com.apple.product-type.bundle.ui-testing";
		};
/* End PBXNativeTarget section */

/* Begin PBXProject section */
		52B957D72A95375A0088648F /* Project object */ = {
			isa = PBXProject;
			attributes = {
				BuildIndependentTargetsInParallel = 1;
				LastSwiftUpdateCheck = 1430;
				LastUpgradeCheck = 1430;
				TargetAttributes = {
					52B957DE2A95375A0088648F = {
						CreatedOnToolsVersion = 14.3.1;
					};
					52B957EE2A95375C0088648F = {
						CreatedOnToolsVersion = 14.3.1;
						TestTargetID = 52B957DE2A95375A0088648F;
					};
					52B957F82A95375C0088648F = {
						CreatedOnToolsVersion = 14.3.1;
						TestTargetID = 52B957DE2A95375A0088648F;
					};
				};
			};
			buildConfigurationList = 52B957DA2A95375A0088648F /* Build configuration list for PBXProject "SwiftMEL" */;
			compatibilityVersion = "Xcode 14.0";
			developmentRegion = en;
			hasScannedForEncodings = 0;
			knownRegions = (
				en,
				Base,
			);
			mainGroup = 52B957D62A95375A0088648F;
			productRefGroup = 52B957E02A95375A0088648F /* Products */;
			projectDirPath = "";
			projectRoot = "";
			targets = (
				52B957DE2A95375A0088648F /* SwiftMEL */,
				52B957EE2A95375C0088648F /* SwiftMELTests */,
				52B957F82A95375C0088648F /* SwiftMELUITests */,
			);
		};
/* End PBXProject section */

/* Begin PBXResourcesBuildPhase section */
		52B957DD2A95375A0088648F /* Resources */ = {
			isa = PBXResourcesBuildPhase;
			buildActionMask = 2147483647;
			files = (
				52B957EA2A95375C0088648F /* Preview Assets.xcassets in Resources */,
				52B957E72A95375C0088648F /* Assets.xcassets in Resources */,
			);
			runOnlyForDeploymentPostprocessing = 0;
		};
		52B957ED2A95375C0088648F /* Resources */ = {
			isa = PBXResourcesBuildPhase;
			buildActionMask = 2147483647;
			files = (
			);
			runOnlyForDeploymentPostprocessing = 0;
		};
		52B957F72A95375C0088648F /* Resources */ = {
			isa = PBXResourcesBuildPhase;
			buildActionMask = 2147483647;
			files = (
			);
			runOnlyForDeploymentPostprocessing = 0;
		};
/* End PBXResourcesBuildPhase section */

/* Begin PBXSourcesBuildPhase section */
		52B957DB2A95375A0088648F /* Sources */ = {
			isa = PBXSourcesBuildPhase;
			buildActionMask = 2147483647;
			files = (
				52B957E52A95375A0088648F /* ContentView.swift in Sources */,
				52B957E32A95375A0088648F /* SwiftMELApp.swift in Sources */,
			);
			runOnlyForDeploymentPostprocessing = 0;
		};
		52B957EB2A95375C0088648F /* Sources */ = {
			isa = PBXSourcesBuildPhase;
			buildActionMask = 2147483647;
			files = (
				52B957F42A95375C0088648F /* SwiftMELTests.swift in Sources */,
			);
			runOnlyForDeploymentPostprocessing = 0;
		};
		52B957F52A95375C0088648F /* Sources */ = {
			isa = PBXSourcesBuildPhase;
			buildActionMask = 2147483647;
			files = (
				52B958002A95375C0088648F /* SwiftMELUITestsLaunchTests.swift in Sources */,
				52B957FE2A95375C0088648F /* SwiftMELUITests.swift in Sources */,
			);
			runOnlyForDeploymentPostprocessing = 0;
		};
/* End PBXSourcesBuildPhase section */

/* Begin PBXTargetDependency section */
		52B957F12A95375C0088648F /* PBXTargetDependency */ = {
			isa = PBXTargetDependency;
			target = 52B957DE2A95375A0088648F /* SwiftMEL */;
			targetProxy = 52B957F02A95375C0088648F /* PBXContainerItemProxy */;
		};
		52B957FB2A95375C0088648F /* PBXTargetDependency */ = {
			isa = PBXTargetDependency;
			target = 52B957DE2A95375A0088648F /* SwiftMEL */;
			targetProxy = 52B957FA2A95375C0088648F /* PBXContainerItemProxy */;
		};
/* End PBXTargetDependency section */

/* Begin XCBuildConfiguration section */
		52B958012A95375C0088648F /* Debug */ = {
			isa = XCBuildConfiguration;
			buildSettings = {
				ALWAYS_SEARCH_USER_PATHS = NO;
				CLANG_ANALYZER_NONNULL = YES;
				CLANG_ANALYZER_NUMBER_OBJECT_CONVERSION = YES_AGGRESSIVE;
				CLANG_CXX_LANGUAGE_STANDARD = "gnu++20";
				CLANG_ENABLE_MODULES = YES;
				CLANG_ENABLE_OBJC_ARC = YES;
				CLANG_ENABLE_OBJC_WEAK = YES;
				CLANG_WARN_BLOCK_CAPTURE_AUTORELEASING = YES;
				CLANG_WARN_BOOL_CONVERSION = YES;
				CLANG_WARN_COMMA = YES;
				CLANG_WARN_CONSTANT_CONVERSION = YES;
				CLANG_WARN_DEPRECATED_OBJC_IMPLEMENTATIONS = YES;
				CLANG_WARN_DIRECT_OBJC_ISA_USAGE = YES_ERROR;
				CLANG_WARN_DOCUMENTATION_COMMENTS = YES;
				CLANG_WARN_EMPTY_BODY = YES;
				CLANG_WARN_ENUM_CONVERSION = YES;
				CLANG_WARN_INFINITE_RECURSION = YES;
				CLANG_WARN_INT_CONVERSION = YES;
				CLANG_WARN_NON_LITERAL_NULL_CONVERSION = YES;
				CLANG_WARN_OBJC_IMPLICIT_RETAIN_SELF = YES;
				CLANG_WARN_OBJC_LITERAL_CONVERSION = YES;
				CLANG_WARN_OBJC_ROOT_CLASS = YES_ERROR;
				CLANG_WARN_QUOTED_INCLUDE_IN_FRAMEWORK_HEADER = YES;
				CLANG_WARN_RANGE_LOOP_ANALYSIS = YES;
				CLANG_WARN_STRICT_PROTOTYPES = YES;
				CLANG_WARN_SUSPICIOUS_MOVE = YES;
				CLANG_WARN_UNGUARDED_AVAILABILITY = YES_AGGRESSIVE;
				CLANG_WARN_UNREACHABLE_CODE = YES;
				CLANG_WARN__DUPLICATE_METHOD_MATCH = YES;
				COPY_PHASE_STRIP = NO;
				DEBUG_INFORMATION_FORMAT = dwarf;
				ENABLE_STRICT_OBJC_MSGSEND = YES;
				ENABLE_TESTABILITY = YES;
				GCC_C_LANGUAGE_STANDARD = gnu11;
				GCC_DYNAMIC_NO_PIC = NO;
				GCC_NO_COMMON_BLOCKS = YES;
				GCC_OPTIMIZATION_LEVEL = 0;
				GCC_PREPROCESSOR_DEFINITIONS = (
					"DEBUG=1",
					"$(inherited)",
				);
				GCC_WARN_64_TO_32_BIT_CONVERSION = YES;
				GCC_WARN_ABOUT_RETURN_TYPE = YES_ERROR;
				GCC_WARN_UNDECLARED_SELECTOR = YES;
				GCC_WARN_UNINITIALIZED_AUTOS = YES_AGGRESSIVE;
				GCC_WARN_UNUSED_FUNCTION = YES;
				GCC_WARN_UNUSED_VARIABLE = YES;
				IPHONEOS_DEPLOYMENT_TARGET = 16.4;
				MTL_ENABLE_DEBUG_INFO = INCLUDE_SOURCE;
				MTL_FAST_MATH = YES;
				ONLY_ACTIVE_ARCH = YES;
				SDKROOT = iphoneos;
				SWIFT_ACTIVE_COMPILATION_CONDITIONS = DEBUG;
				SWIFT_OPTIMIZATION_LEVEL = "-Onone";
			};
			name = Debug;
		};
		52B958022A95375C0088648F /* Release */ = {
			isa = XCBuildConfiguration;
			buildSettings = {
				ALWAYS_SEARCH_USER_PATHS = NO;
				CLANG_ANALYZER_NONNULL = YES;
				CLANG_ANALYZER_NUMBER_OBJECT_CONVERSION = YES_AGGRESSIVE;
				CLANG_CXX_LANGUAGE_STANDARD = "gnu++20";
				CLANG_ENABLE_MODULES = YES;
				CLANG_ENABLE_OBJC_ARC = YES;
				CLANG_ENABLE_OBJC_WEAK = YES;
				CLANG_WARN_BLOCK_CAPTURE_AUTORELEASING = YES;
				CLANG_WARN_BOOL_CONVERSION = YES;
				CLANG_WARN_COMMA = YES;
				CLANG_WARN_CONSTANT_CONVERSION = YES;
				CLANG_WARN_DEPRECATED_OBJC_IMPLEMENTATIONS = YES;
				CLANG_WARN_DIRECT_OBJC_ISA_USAGE = YES_ERROR;
				CLANG_WARN_DOCUMENTATION_COMMENTS = YES;
				CLANG_WARN_EMPTY_BODY = YES;
				CLANG_WARN_ENUM_CONVERSION = YES;
				CLANG_WARN_INFINITE_RECURSION = YES;
				CLANG_WARN_INT_CONVERSION = YES;
				CLANG_WARN_NON_LITERAL_NULL_CONVERSION = YES;
				CLANG_WARN_OBJC_IMPLICIT_RETAIN_SELF = YES;
				CLANG_WARN_OBJC_LITERAL_CONVERSION = YES;
				CLANG_WARN_OBJC_ROOT_CLASS = YES_ERROR;
				CLANG_WARN_QUOTED_INCLUDE_IN_FRAMEWORK_HEADER = YES;
				CLANG_WARN_RANGE_LOOP_ANALYSIS = YES;
				CLANG_WARN_STRICT_PROTOTYPES = YES;
				CLANG_WARN_SUSPICIOUS_MOVE = YES;
				CLANG_WARN_UNGUARDED_AVAILABILITY = YES_AGGRESSIVE;
				CLANG_WARN_UNREACHABLE_CODE = YES;
				CLANG_WARN__DUPLICATE_METHOD_MATCH = YES;
				COPY_PHASE_STRIP = NO;
				DEBUG_INFORMATION_FORMAT = "dwarf-with-dsym";
				ENABLE_NS_ASSERTIONS = NO;
				ENABLE_STRICT_OBJC_MSGSEND = YES;
				GCC_C_LANGUAGE_STANDARD = gnu11;
				GCC_NO_COMMON_BLOCKS = YES;
				GCC_WARN_64_TO_32_BIT_CONVERSION = YES;
				GCC_WARN_ABOUT_RETURN_TYPE = YES_ERROR;
				GCC_WARN_UNDECLARED_SELECTOR = YES;
				GCC_WARN_UNINITIALIZED_AUTOS = YES_AGGRESSIVE;
				GCC_WARN_UNUSED_FUNCTION = YES;
				GCC_WARN_UNUSED_VARIABLE = YES;
				IPHONEOS_DEPLOYMENT_TARGET = 16.4;
				MTL_ENABLE_DEBUG_INFO = NO;
				MTL_FAST_MATH = YES;
				SDKROOT = iphoneos;
				SWIFT_COMPILATION_MODE = wholemodule;
				SWIFT_OPTIMIZATION_LEVEL = "-O";
				VALIDATE_PRODUCT = YES;
			};
			name = Release;
		};
		52B958042A95375C0088648F /* Debug */ = {
			isa = XCBuildConfiguration;
			buildSettings = {
				ASSETCATALOG_COMPILER_APPICON_NAME = AppIcon;
				ASSETCATALOG_COMPILER_GLOBAL_ACCENT_COLOR_NAME = AccentColor;
				CODE_SIGN_STYLE = Automatic;
				CURRENT_PROJECT_VERSION = 1;
				DEVELOPMENT_ASSET_PATHS = "\"SwiftMEL/Preview Content\"";
				DEVELOPMENT_TEAM = HS8CSK756X;
				ENABLE_PREVIEWS = YES;
				GENERATE_INFOPLIST_FILE = YES;
				INFOPLIST_KEY_UIApplicationSceneManifest_Generation = YES;
				INFOPLIST_KEY_UIApplicationSupportsIndirectInputEvents = YES;
				INFOPLIST_KEY_UILaunchScreen_Generation = YES;
				INFOPLIST_KEY_UISupportedInterfaceOrientations_iPad = "UIInterfaceOrientationPortrait UIInterfaceOrientationPortraitUpsideDown UIInterfaceOrientationLandscapeLeft UIInterfaceOrientationLandscapeRight";
				INFOPLIST_KEY_UISupportedInterfaceOrientations_iPhone = "UIInterfaceOrientationPortrait UIInterfaceOrientationLandscapeLeft UIInterfaceOrientationLandscapeRight";
				LD_RUNPATH_SEARCH_PATHS = (
					"$(inherited)",
					"@executable_path/Frameworks",
				);
				MARKETING_VERSION = 1.0;
				PRODUCT_BUNDLE_IDENTIFIER = com.emiliazuniga.SwiftMEL;
				PRODUCT_NAME = "$(TARGET_NAME)";
				SWIFT_EMIT_LOC_STRINGS = YES;
				SWIFT_VERSION = 5.0;
				TARGETED_DEVICE_FAMILY = "1,2";
			};
			name = Debug;
		};
		52B958052A95375C0088648F /* Release */ = {
			isa = XCBuildConfiguration;
			buildSettings = {
				ASSETCATALOG_COMPILER_APPICON_NAME = AppIcon;
				ASSETCATALOG_COMPILER_GLOBAL_ACCENT_COLOR_NAME = AccentColor;
				CODE_SIGN_STYLE = Automatic;
				CURRENT_PROJECT_VERSION = 1;
				DEVELOPMENT_ASSET_PATHS = "\"SwiftMEL/Preview Content\"";
				DEVELOPMENT_TEAM = HS8CSK756X;
				ENABLE_PREVIEWS = YES;
				GENERATE_INFOPLIST_FILE = YES;
				INFOPLIST_KEY_UIApplicationSceneManifest_Generation = YES;
				INFOPLIST_KEY_UIApplicationSupportsIndirectInputEvents = YES;
				INFOPLIST_KEY_UILaunchScreen_Generation = YES;
				INFOPLIST_KEY_UISupportedInterfaceOrientations_iPad = "UIInterfaceOrientationPortrait UIInterfaceOrientationPortraitUpsideDown UIInterfaceOrientationLandscapeLeft UIInterfaceOrientationLandscapeRight";
				INFOPLIST_KEY_UISupportedInterfaceOrientations_iPhone = "UIInterfaceOrientationPortrait UIInterfaceOrientationLandscapeLeft UIInterfaceOrientationLandscapeRight";
				LD_RUNPATH_SEARCH_PATHS = (
					"$(inherited)",
					"@executable_path/Frameworks",
				);
				MARKETING_VERSION = 1.0;
				PRODUCT_BUNDLE_IDENTIFIER = com.emiliazuniga.SwiftMEL;
				PRODUCT_NAME = "$(TARGET_NAME)";
				SWIFT_EMIT_LOC_STRINGS = YES;
				SWIFT_VERSION = 5.0;
				TARGETED_DEVICE_FAMILY = "1,2";
			};
			name = Release;
		};
		52B958072A95375C0088648F /* Debug */ = {
			isa = XCBuildConfiguration;
			buildSettings = {
				ALWAYS_EMBED_SWIFT_STANDARD_LIBRARIES = YES;
				BUNDLE_LOADER = "$(TEST_HOST)";
				CODE_SIGN_STYLE = Automatic;
				CURRENT_PROJECT_VERSION = 1;
				DEVELOPMENT_TEAM = HS8CSK756X;
				GENERATE_INFOPLIST_FILE = YES;
				IPHONEOS_DEPLOYMENT_TARGET = 16.4;
				MARKETING_VERSION = 1.0;
				PRODUCT_BUNDLE_IDENTIFIER = com.emiliazuniga.SwiftMELTests;
				PRODUCT_NAME = "$(TARGET_NAME)";
				SWIFT_EMIT_LOC_STRINGS = NO;
				SWIFT_VERSION = 5.0;
				TARGETED_DEVICE_FAMILY = "1,2";
				TEST_HOST = "$(BUILT_PRODUCTS_DIR)/SwiftMEL.app/$(BUNDLE_EXECUTABLE_FOLDER_PATH)/SwiftMEL";
			};
			name = Debug;
		};
		52B958082A95375C0088648F /* Release */ = {
			isa = XCBuildConfiguration;
			buildSettings = {
				ALWAYS_EMBED_SWIFT_STANDARD_LIBRARIES = YES;
				BUNDLE_LOADER = "$(TEST_HOST)";
				CODE_SIGN_STYLE = Automatic;
				CURRENT_PROJECT_VERSION = 1;
				DEVELOPMENT_TEAM = HS8CSK756X;
				GENERATE_INFOPLIST_FILE = YES;
				IPHONEOS_DEPLOYMENT_TARGET = 16.4;
				MARKETING_VERSION = 1.0;
				PRODUCT_BUNDLE_IDENTIFIER = com.emiliazuniga.SwiftMELTests;
				PRODUCT_NAME = "$(TARGET_NAME)";
				SWIFT_EMIT_LOC_STRINGS = NO;
				SWIFT_VERSION = 5.0;
				TARGETED_DEVICE_FAMILY = "1,2";
				TEST_HOST = "$(BUILT_PRODUCTS_DIR)/SwiftMEL.app/$(BUNDLE_EXECUTABLE_FOLDER_PATH)/SwiftMEL";
			};
			name = Release;
		};
		52B9580A2A95375C0088648F /* Debug */ = {
			isa = XCBuildConfiguration;
			buildSettings = {
				ALWAYS_EMBED_SWIFT_STANDARD_LIBRARIES = YES;
				CODE_SIGN_STYLE = Automatic;
				CURRENT_PROJECT_VERSION = 1;
				DEVELOPMENT_TEAM = HS8CSK756X;
				GENERATE_INFOPLIST_FILE = YES;
				MARKETING_VERSION = 1.0;
				PRODUCT_BUNDLE_IDENTIFIER = com.emiliazuniga.SwiftMELUITests;
				PRODUCT_NAME = "$(TARGET_NAME)";
				SWIFT_EMIT_LOC_STRINGS = NO;
				SWIFT_VERSION = 5.0;
				TARGETED_DEVICE_FAMILY = "1,2";
				TEST_TARGET_NAME = SwiftMEL;
			};
			name = Debug;
		};
		52B9580B2A95375C0088648F /* Release */ = {
			isa = XCBuildConfiguration;
			buildSettings = {
				ALWAYS_EMBED_SWIFT_STANDARD_LIBRARIES = YES;
				CODE_SIGN_STYLE = Automatic;
				CURRENT_PROJECT_VERSION = 1;
				DEVELOPMENT_TEAM = HS8CSK756X;
				GENERATE_INFOPLIST_FILE = YES;
				MARKETING_VERSION = 1.0;
				PRODUCT_BUNDLE_IDENTIFIER = com.emiliazuniga.SwiftMELUITests;
				PRODUCT_NAME = "$(TARGET_NAME)";
				SWIFT_EMIT_LOC_STRINGS = NO;
				SWIFT_VERSION = 5.0;
				TARGETED_DEVICE_FAMILY = "1,2";
				TEST_TARGET_NAME = SwiftMEL;
			};
			name = Release;
		};
/* End XCBuildConfiguration section */

/* Begin XCConfigurationList section */
		52B957DA2A95375A0088648F /* Build configuration list for PBXProject "SwiftMEL" */ = {
			isa = XCConfigurationList;
			buildConfigurations = (
				52B958012A95375C0088648F /* Debug */,
				52B958022A95375C0088648F /* Release */,
			);
			defaultConfigurationIsVisible = 0;
			defaultConfigurationName = Release;
		};
		52B958032A95375C0088648F /* Build configuration list for PBXNativeTarget "SwiftMEL" */ = {
			isa = XCConfigurationList;
			buildConfigurations = (
				52B958042A95375C0088648F /* Debug */,
				52B958052A95375C0088648F /* Release */,
			);
			defaultConfigurationIsVisible = 0;
			defaultConfigurationName = Release;
		};
		52B958062A95375C0088648F /* Build configuration list for PBXNativeTarget "SwiftMELTests" */ = {
			isa = XCConfigurationList;
			buildConfigurations = (
				52B958072A95375C0088648F /* Debug */,
				52B958082A95375C0088648F /* Release */,
			);
			defaultConfigurationIsVisible = 0;
			defaultConfigurationName = Release;
		};
		52B958092A95375C0088648F /* Build configuration list for PBXNativeTarget "SwiftMELUITests" */ = {
			isa = XCConfigurationList;
			buildConfigurations = (
				52B9580A2A95375C0088648F /* Debug */,
				52B9580B2A95375C0088648F /* Release */,
			);
			defaultConfigurationIsVisible = 0;
			defaultConfigurationName = Release;
		};
/* End XCConfigurationList section */
	};
	rootObject = 52B957D72A95375A0088648F /* Project object */;
}
